
Microsoft Visual Studio Solution File, Format Version 12.00
# Visual Studio Version 17
VisualStudioVersion = 17.7.34024.191
MinimumVisualStudioVersion = 10.0.40219.1
Project("{FAE04EC0-301F-11D3-BF4B-00C04F79EFBC}") = "Spotifu", "Spotifu.csproj", "{D844B6A2-10EF-4B07-A2A8-8A2F2B6613C8}"
EndProject
Global
	GlobalSection(SolutionConfigurationPlatforms) = preSolution
		Debug|Any CPU = Debug|Any CPU
		Release|Any CPU = Release|Any CPU
	EndGlobalSection
	GlobalSection(ProjectConfigurationPlatforms) = postSolution
		{D844B6A2-10EF-4B07-A2A8-8A2F2B6613C8}.Debug|Any CPU.ActiveCfg = Debug|Any CPU
		{D844B6A2-10EF-4B07-A2A8-8A2F2B6613C8}.Debug|Any CPU.Build.0 = Debug|Any CPU
		{D844B6A2-10EF-4B07-A2A8-8A2F2B6613C8}.Release|Any CPU.ActiveCfg = Release|Any CPU
		{D844B6A2-10EF-4B07-A2A8-8A2F2B6613C8}.Release|Any CPU.Build.0 = Release|Any CPU
	EndGlobalSection
	GlobalSection(SolutionProperties) = preSolution
		HideSolutionNode = FALSE
	EndGlobalSection
	GlobalSection(ExtensibilityGlobals) = postSolution
		SolutionGuid = {677B26A7-7F81-42F6-8FB1-A94FDD295CDD}
	EndGlobalSection
EndGlobal
